// !$*UTF8*$!
{
	archiveVersion = 1;
	classes = {
	};
	objectVersion = 56;
	objects = {

/* Begin PBXBuildFile section */
		856F923529123FD0007688C3 /* AppDelegate.swift in Sources */ = {isa = PBXBuildFile; fileRef = 856F923429123FD0007688C3 /* AppDelegate.swift */; };
		856F923729123FD0007688C3 /* SceneDelegate.swift in Sources */ = {isa = PBXBuildFile; fileRef = 856F923629123FD0007688C3 /* SceneDelegate.swift */; };
		856F923E29123FD1007688C3 /* Assets.xcassets in Resources */ = {isa = PBXBuildFile; fileRef = 856F923D29123FD1007688C3 /* Assets.xcassets */; };
		856F924129123FD1007688C3 /* LaunchScreen.storyboard in Resources */ = {isa = PBXBuildFile; fileRef = 856F923F29123FD1007688C3 /* LaunchScreen.storyboard */; };
		856F924E29124E11007688C3 /* SignupViewModel.swift in Sources */ = {isa = PBXBuildFile; fileRef = 856F924D29124E11007688C3 /* SignupViewModel.swift */; };
		856F925329124E64007688C3 /* BaseView.swift in Sources */ = {isa = PBXBuildFile; fileRef = 856F925229124E64007688C3 /* BaseView.swift */; };
		856F925529124FD1007688C3 /* BaseViewController.swift in Sources */ = {isa = PBXBuildFile; fileRef = 856F925429124FD1007688C3 /* BaseViewController.swift */; };
		856F92572912500A007688C3 /* SignupViewController.swift in Sources */ = {isa = PBXBuildFile; fileRef = 856F92562912500A007688C3 /* SignupViewController.swift */; };
		856F925929125048007688C3 /* SignupView.swift in Sources */ = {isa = PBXBuildFile; fileRef = 856F925829125048007688C3 /* SignupView.swift */; };
		856F925E291250C6007688C3 /* LoginView.swift in Sources */ = {isa = PBXBuildFile; fileRef = 856F925D291250C6007688C3 /* LoginView.swift */; };
		856F9260291250EF007688C3 /* LoginViewController.swift in Sources */ = {isa = PBXBuildFile; fileRef = 856F925F291250EF007688C3 /* LoginViewController.swift */; };
		856F926229125149007688C3 /* LoginViewModel.swift in Sources */ = {isa = PBXBuildFile; fileRef = 856F926129125149007688C3 /* LoginViewModel.swift */; };
		856F926529125331007688C3 /* UserInputTextField.swift in Sources */ = {isa = PBXBuildFile; fileRef = 856F926429125331007688C3 /* UserInputTextField.swift */; };
		856F926A2912543F007688C3 /* SnapKit in Frameworks */ = {isa = PBXBuildFile; productRef = 856F92692912543F007688C3 /* SnapKit */; };
		856F926D291259EC007688C3 /* GreenButton.swift in Sources */ = {isa = PBXBuildFile; fileRef = 856F926C291259EC007688C3 /* GreenButton.swift */; };
/* End PBXBuildFile section */

/* Begin PBXFileReference section */
		856F923129123FD0007688C3 /* LoginExample.app */ = {isa = PBXFileReference; explicitFileType = wrapper.application; includeInIndex = 0; path = LoginExample.app; sourceTree = BUILT_PRODUCTS_DIR; };
		856F923429123FD0007688C3 /* AppDelegate.swift */ = {isa = PBXFileReference; lastKnownFileType = sourcecode.swift; path = AppDelegate.swift; sourceTree = "<group>"; };
		856F923629123FD0007688C3 /* SceneDelegate.swift */ = {isa = PBXFileReference; lastKnownFileType = sourcecode.swift; path = SceneDelegate.swift; sourceTree = "<group>"; };
		856F923D29123FD1007688C3 /* Assets.xcassets */ = {isa = PBXFileReference; lastKnownFileType = folder.assetcatalog; path = Assets.xcassets; sourceTree = "<group>"; };
		856F924029123FD1007688C3 /* Base */ = {isa = PBXFileReference; lastKnownFileType = file.storyboard; name = Base; path = Base.lproj/LaunchScreen.storyboard; sourceTree = "<group>"; };
		856F924229123FD1007688C3 /* Info.plist */ = {isa = PBXFileReference; lastKnownFileType = text.plist.xml; path = Info.plist; sourceTree = "<group>"; };
		856F924D29124E11007688C3 /* SignupViewModel.swift */ = {isa = PBXFileReference; lastKnownFileType = sourcecode.swift; path = SignupViewModel.swift; sourceTree = "<group>"; };
		856F925229124E64007688C3 /* BaseView.swift */ = {isa = PBXFileReference; lastKnownFileType = sourcecode.swift; path = BaseView.swift; sourceTree = "<group>"; };
		856F925429124FD1007688C3 /* BaseViewController.swift */ = {isa = PBXFileReference; lastKnownFileType = sourcecode.swift; path = BaseViewController.swift; sourceTree = "<group>"; };
		856F92562912500A007688C3 /* SignupViewController.swift */ = {isa = PBXFileReference; lastKnownFileType = sourcecode.swift; path = SignupViewController.swift; sourceTree = "<group>"; };
		856F925829125048007688C3 /* SignupView.swift */ = {isa = PBXFileReference; lastKnownFileType = sourcecode.swift; path = SignupView.swift; sourceTree = "<group>"; };
		856F925D291250C6007688C3 /* LoginView.swift */ = {isa = PBXFileReference; lastKnownFileType = sourcecode.swift; path = LoginView.swift; sourceTree = "<group>"; };
		856F925F291250EF007688C3 /* LoginViewController.swift */ = {isa = PBXFileReference; lastKnownFileType = sourcecode.swift; path = LoginViewController.swift; sourceTree = "<group>"; };
		856F926129125149007688C3 /* LoginViewModel.swift */ = {isa = PBXFileReference; lastKnownFileType = sourcecode.swift; path = LoginViewModel.swift; sourceTree = "<group>"; };
		856F926429125331007688C3 /* UserInputTextField.swift */ = {isa = PBXFileReference; lastKnownFileType = sourcecode.swift; path = UserInputTextField.swift; sourceTree = "<group>"; };
		856F926C291259EC007688C3 /* GreenButton.swift */ = {isa = PBXFileReference; lastKnownFileType = sourcecode.swift; path = GreenButton.swift; sourceTree = "<group>"; };
/* End PBXFileReference section */

/* Begin PBXFrameworksBuildPhase section */
		856F922E29123FD0007688C3 /* Frameworks */ = {
			isa = PBXFrameworksBuildPhase;
			buildActionMask = 2147483647;
			files = (
				856F926A2912543F007688C3 /* SnapKit in Frameworks */,
			);
			runOnlyForDeploymentPostprocessing = 0;
		};
/* End PBXFrameworksBuildPhase section */

/* Begin PBXGroup section */
		856F922829123FD0007688C3 = {
			isa = PBXGroup;
			children = (
				856F923329123FD0007688C3 /* LoginExample */,
				856F923229123FD0007688C3 /* Products */,
			);
			sourceTree = "<group>";
		};
		856F923229123FD0007688C3 /* Products */ = {
			isa = PBXGroup;
			children = (
				856F923129123FD0007688C3 /* LoginExample.app */,
			);
			name = Products;
			sourceTree = "<group>";
		};
		856F923329123FD0007688C3 /* LoginExample */ = {
			isa = PBXGroup;
			children = (
				856F9263291251EB007688C3 /* Presentation */,
				856F925A29125094007688C3 /* Application */,
				856F923D29123FD1007688C3 /* Assets.xcassets */,
				856F923F29123FD1007688C3 /* LaunchScreen.storyboard */,
				856F924229123FD1007688C3 /* Info.plist */,
			);
			path = LoginExample;
			sourceTree = "<group>";
		};
		856F924829124CCC007688C3 /* SignUp */ = {
			isa = PBXGroup;
			children = (
				856F924C29124DE4007688C3 /* View */,
				856F924B29124DBF007688C3 /* ViewModel */,
			);
			path = SignUp;
			sourceTree = "<group>";
		};
		856F924929124CD5007688C3 /* Login */ = {
			isa = PBXGroup;
			children = (
				856F925C291250B6007688C3 /* ViewModel */,
				856F925B291250AB007688C3 /* View */,
			);
			path = Login;
			sourceTree = "<group>";
		};
		856F924A29124CDC007688C3 /* Profile */ = {
			isa = PBXGroup;
			children = (
			);
			path = Profile;
			sourceTree = "<group>";
		};
		856F924B29124DBF007688C3 /* ViewModel */ = {
			isa = PBXGroup;
			children = (
				856F924D29124E11007688C3 /* SignupViewModel.swift */,
			);
			path = ViewModel;
			sourceTree = "<group>";
		};
		856F924C29124DE4007688C3 /* View */ = {
			isa = PBXGroup;
			children = (
				856F92562912500A007688C3 /* SignupViewController.swift */,
				856F925829125048007688C3 /* SignupView.swift */,
			);
			path = View;
			sourceTree = "<group>";
		};
		856F925029124E52007688C3 /* Coomon */ = {
			isa = PBXGroup;
			children = (
				856F926629125337007688C3 /* Utility */,
				856F925129124E5B007688C3 /* Base */,
			);
			path = Coomon;
			sourceTree = "<group>";
		};
		856F925129124E5B007688C3 /* Base */ = {
			isa = PBXGroup;
			children = (
				856F925229124E64007688C3 /* BaseView.swift */,
				856F925429124FD1007688C3 /* BaseViewController.swift */,
			);
			path = Base;
			sourceTree = "<group>";
		};
		856F925A29125094007688C3 /* Application */ = {
			isa = PBXGroup;
			children = (
				856F923429123FD0007688C3 /* AppDelegate.swift */,
				856F923629123FD0007688C3 /* SceneDelegate.swift */,
			);
			path = Application;
			sourceTree = "<group>";
		};
		856F925B291250AB007688C3 /* View */ = {
			isa = PBXGroup;
			children = (
				856F925D291250C6007688C3 /* LoginView.swift */,
				856F925F291250EF007688C3 /* LoginViewController.swift */,
			);
			path = View;
			sourceTree = "<group>";
		};
		856F925C291250B6007688C3 /* ViewModel */ = {
			isa = PBXGroup;
			children = (
				856F926129125149007688C3 /* LoginViewModel.swift */,
			);
			path = ViewModel;
			sourceTree = "<group>";
		};
		856F9263291251EB007688C3 /* Presentation */ = {
			isa = PBXGroup;
			children = (
				856F924829124CCC007688C3 /* SignUp */,
				856F924929124CD5007688C3 /* Login */,
				856F924A29124CDC007688C3 /* Profile */,
				856F925029124E52007688C3 /* Coomon */,
			);
			path = Presentation;
			sourceTree = "<group>";
		};
		856F926629125337007688C3 /* Utility */ = {
			isa = PBXGroup;
			children = (
				856F926B291259AE007688C3 /* Button */,
				856F926729125340007688C3 /* TextField */,
			);
			path = Utility;
			sourceTree = "<group>";
		};
		856F926729125340007688C3 /* TextField */ = {
			isa = PBXGroup;
			children = (
				856F926429125331007688C3 /* UserInputTextField.swift */,
			);
			path = TextField;
			sourceTree = "<group>";
		};
		856F926B291259AE007688C3 /* Button */ = {
			isa = PBXGroup;
			children = (
				856F926C291259EC007688C3 /* GreenButton.swift */,
			);
			path = Button;
			sourceTree = "<group>";
		};
/* End PBXGroup section */

/* Begin PBXNativeTarget section */
		856F923029123FD0007688C3 /* LoginExample */ = {
			isa = PBXNativeTarget;
			buildConfigurationList = 856F924529123FD1007688C3 /* Build configuration list for PBXNativeTarget "LoginExample" */;
			buildPhases = (
				856F922D29123FD0007688C3 /* Sources */,
				856F922E29123FD0007688C3 /* Frameworks */,
				856F922F29123FD0007688C3 /* Resources */,
			);
			buildRules = (
			);
			dependencies = (
			);
			name = LoginExample;
			packageProductDependencies = (
				856F92692912543F007688C3 /* SnapKit */,
			);
			productName = LoginExample;
			productReference = 856F923129123FD0007688C3 /* LoginExample.app */;
			productType = "com.apple.product-type.application";
		};
/* End PBXNativeTarget section */

/* Begin PBXProject section */
		856F922929123FD0007688C3 /* Project object */ = {
			isa = PBXProject;
			attributes = {
				BuildIndependentTargetsInParallel = 1;
				LastSwiftUpdateCheck = 1400;
				LastUpgradeCheck = 1400;
				TargetAttributes = {
					856F923029123FD0007688C3 = {
						CreatedOnToolsVersion = 14.0.1;
					};
				};
			};
			buildConfigurationList = 856F922C29123FD0007688C3 /* Build configuration list for PBXProject "LoginExample" */;
			compatibilityVersion = "Xcode 14.0";
			developmentRegion = en;
			hasScannedForEncodings = 0;
			knownRegions = (
				en,
				Base,
			);
			mainGroup = 856F922829123FD0007688C3;
			packageReferences = (
				856F92682912543F007688C3 /* XCRemoteSwiftPackageReference "SnapKit" */,
			);
			productRefGroup = 856F923229123FD0007688C3 /* Products */;
			projectDirPath = "";
			projectRoot = "";
			targets = (
				856F923029123FD0007688C3 /* LoginExample */,
			);
		};
/* End PBXProject section */

/* Begin PBXResourcesBuildPhase section */
		856F922F29123FD0007688C3 /* Resources */ = {
			isa = PBXResourcesBuildPhase;
			buildActionMask = 2147483647;
			files = (
				856F924129123FD1007688C3 /* LaunchScreen.storyboard in Resources */,
				856F923E29123FD1007688C3 /* Assets.xcassets in Resources */,
			);
			runOnlyForDeploymentPostprocessing = 0;
		};
/* End PBXResourcesBuildPhase section */

/* Begin PBXSourcesBuildPhase section */
		856F922D29123FD0007688C3 /* Sources */ = {
			isa = PBXSourcesBuildPhase;
			buildActionMask = 2147483647;
			files = (
				856F9260291250EF007688C3 /* LoginViewController.swift in Sources */,
				856F926D291259EC007688C3 /* GreenButton.swift in Sources */,
				856F925929125048007688C3 /* SignupView.swift in Sources */,
				856F92572912500A007688C3 /* SignupViewController.swift in Sources */,
				856F925529124FD1007688C3 /* BaseViewController.swift in Sources */,
				856F924E29124E11007688C3 /* SignupViewModel.swift in Sources */,
				856F923529123FD0007688C3 /* AppDelegate.swift in Sources */,
				856F923729123FD0007688C3 /* SceneDelegate.swift in Sources */,
				856F925E291250C6007688C3 /* LoginView.swift in Sources */,
				856F926529125331007688C3 /* UserInputTextField.swift in Sources */,
				856F926229125149007688C3 /* LoginViewModel.swift in Sources */,
				856F925329124E64007688C3 /* BaseView.swift in Sources */,
			);
			runOnlyForDeploymentPostprocessing = 0;
		};
/* End PBXSourcesBuildPhase section */

/* Begin PBXVariantGroup section */
		856F923F29123FD1007688C3 /* LaunchScreen.storyboard */ = {
			isa = PBXVariantGroup;
			children = (
				856F924029123FD1007688C3 /* Base */,
			);
			name = LaunchScreen.storyboard;
			sourceTree = "<group>";
		};
/* End PBXVariantGroup section */

/* Begin XCBuildConfiguration section */
		856F924329123FD1007688C3 /* Debug */ = {
			isa = XCBuildConfiguration;
			buildSettings = {
				ALWAYS_SEARCH_USER_PATHS = NO;
				CLANG_ANALYZER_NONNULL = YES;
				CLANG_ANALYZER_NUMBER_OBJECT_CONVERSION = YES_AGGRESSIVE;
				CLANG_CXX_LANGUAGE_STANDARD = "gnu++20";
				CLANG_ENABLE_MODULES = YES;
				CLANG_ENABLE_OBJC_ARC = YES;
				CLANG_ENABLE_OBJC_WEAK = YES;
				CLANG_WARN_BLOCK_CAPTURE_AUTORELEASING = YES;
				CLANG_WARN_BOOL_CONVERSION = YES;
				CLANG_WARN_COMMA = YES;
				CLANG_WARN_CONSTANT_CONVERSION = YES;
				CLANG_WARN_DEPRECATED_OBJC_IMPLEMENTATIONS = YES;
				CLANG_WARN_DIRECT_OBJC_ISA_USAGE = YES_ERROR;
				CLANG_WARN_DOCUMENTATION_COMMENTS = YES;
				CLANG_WARN_EMPTY_BODY = YES;
				CLANG_WARN_ENUM_CONVERSION = YES;
				CLANG_WARN_INFINITE_RECURSION = YES;
				CLANG_WARN_INT_CONVERSION = YES;
				CLANG_WARN_NON_LITERAL_NULL_CONVERSION = YES;
				CLANG_WARN_OBJC_IMPLICIT_RETAIN_SELF = YES;
				CLANG_WARN_OBJC_LITERAL_CONVERSION = YES;
				CLANG_WARN_OBJC_ROOT_CLASS = YES_ERROR;
				CLANG_WARN_QUOTED_INCLUDE_IN_FRAMEWORK_HEADER = YES;
				CLANG_WARN_RANGE_LOOP_ANALYSIS = YES;
				CLANG_WARN_STRICT_PROTOTYPES = YES;
				CLANG_WARN_SUSPICIOUS_MOVE = YES;
				CLANG_WARN_UNGUARDED_AVAILABILITY = YES_AGGRESSIVE;
				CLANG_WARN_UNREACHABLE_CODE = YES;
				CLANG_WARN__DUPLICATE_METHOD_MATCH = YES;
				COPY_PHASE_STRIP = NO;
				DEBUG_INFORMATION_FORMAT = dwarf;
				ENABLE_STRICT_OBJC_MSGSEND = YES;
				ENABLE_TESTABILITY = YES;
				GCC_C_LANGUAGE_STANDARD = gnu11;
				GCC_DYNAMIC_NO_PIC = NO;
				GCC_NO_COMMON_BLOCKS = YES;
				GCC_OPTIMIZATION_LEVEL = 0;
				GCC_PREPROCESSOR_DEFINITIONS = (
					"DEBUG=1",
					"$(inherited)",
				);
				GCC_WARN_64_TO_32_BIT_CONVERSION = YES;
				GCC_WARN_ABOUT_RETURN_TYPE = YES_ERROR;
				GCC_WARN_UNDECLARED_SELECTOR = YES;
				GCC_WARN_UNINITIALIZED_AUTOS = YES_AGGRESSIVE;
				GCC_WARN_UNUSED_FUNCTION = YES;
				GCC_WARN_UNUSED_VARIABLE = YES;
				IPHONEOS_DEPLOYMENT_TARGET = 16.0;
				MTL_ENABLE_DEBUG_INFO = INCLUDE_SOURCE;
				MTL_FAST_MATH = YES;
				ONLY_ACTIVE_ARCH = YES;
				SDKROOT = iphoneos;
				SWIFT_ACTIVE_COMPILATION_CONDITIONS = DEBUG;
				SWIFT_OPTIMIZATION_LEVEL = "-Onone";
			};
			name = Debug;
		};
		856F924429123FD1007688C3 /* Release */ = {
			isa = XCBuildConfiguration;
			buildSettings = {
				ALWAYS_SEARCH_USER_PATHS = NO;
				CLANG_ANALYZER_NONNULL = YES;
				CLANG_ANALYZER_NUMBER_OBJECT_CONVERSION = YES_AGGRESSIVE;
				CLANG_CXX_LANGUAGE_STANDARD = "gnu++20";
				CLANG_ENABLE_MODULES = YES;
				CLANG_ENABLE_OBJC_ARC = YES;
				CLANG_ENABLE_OBJC_WEAK = YES;
				CLANG_WARN_BLOCK_CAPTURE_AUTORELEASING = YES;
				CLANG_WARN_BOOL_CONVERSION = YES;
				CLANG_WARN_COMMA = YES;
				CLANG_WARN_CONSTANT_CONVERSION = YES;
				CLANG_WARN_DEPRECATED_OBJC_IMPLEMENTATIONS = YES;
				CLANG_WARN_DIRECT_OBJC_ISA_USAGE = YES_ERROR;
				CLANG_WARN_DOCUMENTATION_COMMENTS = YES;
				CLANG_WARN_EMPTY_BODY = YES;
				CLANG_WARN_ENUM_CONVERSION = YES;
				CLANG_WARN_INFINITE_RECURSION = YES;
				CLANG_WARN_INT_CONVERSION = YES;
				CLANG_WARN_NON_LITERAL_NULL_CONVERSION = YES;
				CLANG_WARN_OBJC_IMPLICIT_RETAIN_SELF = YES;
				CLANG_WARN_OBJC_LITERAL_CONVERSION = YES;
				CLANG_WARN_OBJC_ROOT_CLASS = YES_ERROR;
				CLANG_WARN_QUOTED_INCLUDE_IN_FRAMEWORK_HEADER = YES;
				CLANG_WARN_RANGE_LOOP_ANALYSIS = YES;
				CLANG_WARN_STRICT_PROTOTYPES = YES;
				CLANG_WARN_SUSPICIOUS_MOVE = YES;
				CLANG_WARN_UNGUARDED_AVAILABILITY = YES_AGGRESSIVE;
				CLANG_WARN_UNREACHABLE_CODE = YES;
				CLANG_WARN__DUPLICATE_METHOD_MATCH = YES;
				COPY_PHASE_STRIP = NO;
				DEBUG_INFORMATION_FORMAT = "dwarf-with-dsym";
				ENABLE_NS_ASSERTIONS = NO;
				ENABLE_STRICT_OBJC_MSGSEND = YES;
				GCC_C_LANGUAGE_STANDARD = gnu11;
				GCC_NO_COMMON_BLOCKS = YES;
				GCC_WARN_64_TO_32_BIT_CONVERSION = YES;
				GCC_WARN_ABOUT_RETURN_TYPE = YES_ERROR;
				GCC_WARN_UNDECLARED_SELECTOR = YES;
				GCC_WARN_UNINITIALIZED_AUTOS = YES_AGGRESSIVE;
				GCC_WARN_UNUSED_FUNCTION = YES;
				GCC_WARN_UNUSED_VARIABLE = YES;
				IPHONEOS_DEPLOYMENT_TARGET = 16.0;
				MTL_ENABLE_DEBUG_INFO = NO;
				MTL_FAST_MATH = YES;
				SDKROOT = iphoneos;
				SWIFT_COMPILATION_MODE = wholemodule;
				SWIFT_OPTIMIZATION_LEVEL = "-O";
				VALIDATE_PRODUCT = YES;
			};
			name = Release;
		};
		856F924629123FD1007688C3 /* Debug */ = {
			isa = XCBuildConfiguration;
			buildSettings = {
				ASSETCATALOG_COMPILER_APPICON_NAME = AppIcon;
				ASSETCATALOG_COMPILER_GLOBAL_ACCENT_COLOR_NAME = AccentColor;
				CODE_SIGN_STYLE = Automatic;
				CURRENT_PROJECT_VERSION = 1;
				DEVELOPMENT_TEAM = 3K4KWAG7KD;
				GENERATE_INFOPLIST_FILE = YES;
				INFOPLIST_FILE = LoginExample/Info.plist;
				INFOPLIST_KEY_UIApplicationSupportsIndirectInputEvents = YES;
				INFOPLIST_KEY_UILaunchStoryboardName = LaunchScreen;
				INFOPLIST_KEY_UISupportedInterfaceOrientations = UIInterfaceOrientationPortrait;
				INFOPLIST_KEY_UISupportedInterfaceOrientations_iPad = "UIInterfaceOrientationLandscapeLeft UIInterfaceOrientationLandscapeRight UIInterfaceOrientationPortrait UIInterfaceOrientationPortraitUpsideDown";
				LD_RUNPATH_SEARCH_PATHS = (
					"$(inherited)",
					"@executable_path/Frameworks",
				);
				MARKETING_VERSION = 1.0;
				PRODUCT_BUNDLE_IDENTIFIER = com.hano.LoginExample;
				PRODUCT_NAME = "$(TARGET_NAME)";
				SUPPORTED_PLATFORMS = "iphoneos iphonesimulator";
				SUPPORTS_MACCATALYST = NO;
				SUPPORTS_MAC_DESIGNED_FOR_IPHONE_IPAD = NO;
				SWIFT_EMIT_LOC_STRINGS = YES;
				SWIFT_VERSION = 5.0;
				TARGETED_DEVICE_FAMILY = 1;
			};
			name = Debug;
		};
		856F924729123FD1007688C3 /* Release */ = {
			isa = XCBuildConfiguration;
			buildSettings = {
				ASSETCATALOG_COMPILER_APPICON_NAME = AppIcon;
				ASSETCATALOG_COMPILER_GLOBAL_ACCENT_COLOR_NAME = AccentColor;
				CODE_SIGN_STYLE = Automatic;
				CURRENT_PROJECT_VERSION = 1;
				DEVELOPMENT_TEAM = 3K4KWAG7KD;
				GENERATE_INFOPLIST_FILE = YES;
				INFOPLIST_FILE = LoginExample/Info.plist;
				INFOPLIST_KEY_UIApplicationSupportsIndirectInputEvents = YES;
				INFOPLIST_KEY_UILaunchStoryboardName = LaunchScreen;
				INFOPLIST_KEY_UISupportedInterfaceOrientations = UIInterfaceOrientationPortrait;
				INFOPLIST_KEY_UISupportedInterfaceOrientations_iPad = "UIInterfaceOrientationLandscapeLeft UIInterfaceOrientationLandscapeRight UIInterfaceOrientationPortrait UIInterfaceOrientationPortraitUpsideDown";
				LD_RUNPATH_SEARCH_PATHS = (
					"$(inherited)",
					"@executable_path/Frameworks",
				);
				MARKETING_VERSION = 1.0;
				PRODUCT_BUNDLE_IDENTIFIER = com.hano.LoginExample;
				PRODUCT_NAME = "$(TARGET_NAME)";
				SUPPORTED_PLATFORMS = "iphoneos iphonesimulator";
				SUPPORTS_MACCATALYST = NO;
				SUPPORTS_MAC_DESIGNED_FOR_IPHONE_IPAD = NO;
				SWIFT_EMIT_LOC_STRINGS = YES;
				SWIFT_VERSION = 5.0;
				TARGETED_DEVICE_FAMILY = 1;
			};
			name = Release;
		};
/* End XCBuildConfiguration section */

/* Begin XCConfigurationList section */
		856F922C29123FD0007688C3 /* Build configuration list for PBXProject "LoginExample" */ = {
			isa = XCConfigurationList;
			buildConfigurations = (
				856F924329123FD1007688C3 /* Debug */,
				856F924429123FD1007688C3 /* Release */,
			);
			defaultConfigurationIsVisible = 0;
			defaultConfigurationName = Release;
		};
		856F924529123FD1007688C3 /* Build configuration list for PBXNativeTarget "LoginExample" */ = {
			isa = XCConfigurationList;
			buildConfigurations = (
				856F924629123FD1007688C3 /* Debug */,
				856F924729123FD1007688C3 /* Release */,
			);
			defaultConfigurationIsVisible = 0;
			defaultConfigurationName = Release;
		};
/* End XCConfigurationList section */

/* Begin XCRemoteSwiftPackageReference section */
		856F92682912543F007688C3 /* XCRemoteSwiftPackageReference "SnapKit" */ = {
			isa = XCRemoteSwiftPackageReference;
			repositoryURL = "https://github.com/SnapKit/SnapKit.git";
			requirement = {
				kind = upToNextMajorVersion;
				minimumVersion = 5.0.0;
			};
		};
/* End XCRemoteSwiftPackageReference section */

/* Begin XCSwiftPackageProductDependency section */
		856F92692912543F007688C3 /* SnapKit */ = {
			isa = XCSwiftPackageProductDependency;
			package = 856F92682912543F007688C3 /* XCRemoteSwiftPackageReference "SnapKit" */;
			productName = SnapKit;
		};
/* End XCSwiftPackageProductDependency section */
	};
	rootObject = 856F922929123FD0007688C3 /* Project object */;
}
